
Microsoft Visual Studio Solution File, Format Version 12.00
# Visual Studio Version 17
VisualStudioVersion = 17.2.32630.192
MinimumVisualStudioVersion = 10.0.40219.1
Project("{FAE04EC0-301F-11D3-BF4B-00C04F79EFBC}") = "IntermiaditeGit", "IntermiaditeGit\IntermiaditeGit.csproj", "{B6AC2578-D01D-483C-9395-6BE62633301B}"
EndProject
Global
	GlobalSection(SolutionConfigurationPlatforms) = preSolution
		Debug|Any CPU = Debug|Any CPU
		Release|Any CPU = Release|Any CPU
	EndGlobalSection
	GlobalSection(ProjectConfigurationPlatforms) = postSolution
		{B6AC2578-D01D-483C-9395-6BE62633301B}.Debug|Any CPU.ActiveCfg = Debug|Any CPU
		{B6AC2578-D01D-483C-9395-6BE62633301B}.Debug|Any CPU.Build.0 = Debug|Any CPU
		{B6AC2578-D01D-483C-9395-6BE62633301B}.Release|Any CPU.ActiveCfg = Release|Any CPU
		{B6AC2578-D01D-483C-9395-6BE62633301B}.Release|Any CPU.Build.0 = Release|Any CPU
	EndGlobalSection
	GlobalSection(SolutionProperties) = preSolution
		HideSolutionNode = FALSE
	EndGlobalSection
	GlobalSection(ExtensibilityGlobals) = postSolution
		SolutionGuid = {18EF82F5-6EEA-4BF2-8E78-7E1C8B47F098}
	EndGlobalSection
EndGlobal
